
Microsoft Visual Studio Solution File, Format Version 12.00
# Visual Studio Version 17
VisualStudioVersion = 17.3.32819.101
MinimumVisualStudioVersion = 10.0.40219.1
Project("{FAE04EC0-301F-11D3-BF4B-00C04F79EFBC}") = "AssessmentTransform", "AssessmentTransform\AssessmentTransform.csproj", "{54FFB443-DABF-4B81-B33D-988369366532}"
EndProject
Global
	GlobalSection(SolutionConfigurationPlatforms) = preSolution
		Debug|Any CPU = Debug|Any CPU
		Release|Any CPU = Release|Any CPU
	EndGlobalSection
	GlobalSection(ProjectConfigurationPlatforms) = postSolution
		{54FFB443-DABF-4B81-B33D-988369366532}.Debug|Any CPU.ActiveCfg = Debug|Any CPU
		{54FFB443-DABF-4B81-B33D-988369366532}.Debug|Any CPU.Build.0 = Debug|Any CPU
		{54FFB443-DABF-4B81-B33D-988369366532}.Release|Any CPU.ActiveCfg = Release|Any CPU
		{54FFB443-DABF-4B81-B33D-988369366532}.Release|Any CPU.Build.0 = Release|Any CPU
	EndGlobalSection
	GlobalSection(SolutionProperties) = preSolution
		HideSolutionNode = FALSE
	EndGlobalSection
	GlobalSection(ExtensibilityGlobals) = postSolution
		SolutionGuid = {7A4888E1-CE29-4603-BE60-4831A84DBD7E}
	EndGlobalSection
EndGlobal
